
Microsoft Visual Studio Solution File, Format Version 12.00
# Visual Studio Version 17
VisualStudioVersion = 17.7.34031.279
MinimumVisualStudioVersion = 10.0.40219.1
Project("{8BC9CEB8-8B4A-11D0-8D11-00A0C91BC942}") = "HomeWork17", "HomeWork17.vcxproj", "{F19536B1-FD23-41E0-ACED-D081979F125E}"
EndProject
Global
	GlobalSection(SolutionConfigurationPlatforms) = preSolution
		Debug|x64 = Debug|x64
		Debug|x86 = Debug|x86
		Release|x64 = Release|x64
		Release|x86 = Release|x86
	EndGlobalSection
	GlobalSection(ProjectConfigurationPlatforms) = postSolution
		{F19536B1-FD23-41E0-ACED-D081979F125E}.Debug|x64.ActiveCfg = Debug|x64
		{F19536B1-FD23-41E0-ACED-D081979F125E}.Debug|x64.Build.0 = Debug|x64
		{F19536B1-FD23-41E0-ACED-D081979F125E}.Debug|x86.ActiveCfg = Debug|Win32
		{F19536B1-FD23-41E0-ACED-D081979F125E}.Debug|x86.Build.0 = Debug|Win32
		{F19536B1-FD23-41E0-ACED-D081979F125E}.Release|x64.ActiveCfg = Release|x64
		{F19536B1-FD23-41E0-ACED-D081979F125E}.Release|x64.Build.0 = Release|x64
		{F19536B1-FD23-41E0-ACED-D081979F125E}.Release|x86.ActiveCfg = Release|Win32
		{F19536B1-FD23-41E0-ACED-D081979F125E}.Release|x86.Build.0 = Release|Win32
	EndGlobalSection
	GlobalSection(SolutionProperties) = preSolution
		HideSolutionNode = FALSE
	EndGlobalSection
	GlobalSection(ExtensibilityGlobals) = postSolution
		SolutionGuid = {90460DB5-2052-4A6E-B188-978118661759}
	EndGlobalSection
EndGlobal
